
Microsoft Visual Studio Solution File, Format Version 12.00
# Visual Studio Version 16
VisualStudioVersion = 16.0.30406.217
MinimumVisualStudioVersion = 10.0.40219.1
Project("{9A19103F-16F7-4668-BE54-9A1E7A4F7556}") = "DemoSelenium", "DemoSelenium\DemoSelenium.csproj", "{DE5DFD0B-AD2E-41A6-AE4A-5874A40BEE0F}"
EndProject
Project("{FAE04EC0-301F-11D3-BF4B-00C04F79EFBC}") = "DemoSelenium.Tests", "DemoSelenium.Tests\DemoSelenium.Tests.csproj", "{5E00C929-8F31-4178-B30F-B4BCCB5918DA}"
EndProject
Global
	GlobalSection(SolutionConfigurationPlatforms) = preSolution
		Debug|Any CPU = Debug|Any CPU
		Release|Any CPU = Release|Any CPU
	EndGlobalSection
	GlobalSection(ProjectConfigurationPlatforms) = postSolution
		{DE5DFD0B-AD2E-41A6-AE4A-5874A40BEE0F}.Debug|Any CPU.ActiveCfg = Debug|Any CPU
		{DE5DFD0B-AD2E-41A6-AE4A-5874A40BEE0F}.Debug|Any CPU.Build.0 = Debug|Any CPU
		{DE5DFD0B-AD2E-41A6-AE4A-5874A40BEE0F}.Release|Any CPU.ActiveCfg = Release|Any CPU
		{DE5DFD0B-AD2E-41A6-AE4A-5874A40BEE0F}.Release|Any CPU.Build.0 = Release|Any CPU
		{5E00C929-8F31-4178-B30F-B4BCCB5918DA}.Debug|Any CPU.ActiveCfg = Debug|Any CPU
		{5E00C929-8F31-4178-B30F-B4BCCB5918DA}.Debug|Any CPU.Build.0 = Debug|Any CPU
		{5E00C929-8F31-4178-B30F-B4BCCB5918DA}.Release|Any CPU.ActiveCfg = Release|Any CPU
		{5E00C929-8F31-4178-B30F-B4BCCB5918DA}.Release|Any CPU.Build.0 = Release|Any CPU
	EndGlobalSection
	GlobalSection(SolutionProperties) = preSolution
		HideSolutionNode = FALSE
	EndGlobalSection
	GlobalSection(ExtensibilityGlobals) = postSolution
		SolutionGuid = {A4195EB5-65F3-4B0C-9410-F7C9F391EC70}
	EndGlobalSection
EndGlobal
